
Microsoft Visual Studio Solution File, Format Version 12.00
# Visual Studio Version 17
VisualStudioVersion = 17.6.33815.320
MinimumVisualStudioVersion = 10.0.40219.1
Project("{9A19103F-16F7-4668-BE54-9A1E7A4F7556}") = "JaxWorld.Data", "JaxWorld.Data\JaxWorld.Data.csproj", "{2CCADA7C-DDD0-45C2-A150-E41B078FE5DF}"
EndProject
Project("{9A19103F-16F7-4668-BE54-9A1E7A4F7556}") = "JaxWorld.Models", "JaxWorld.Models\JaxWorld.Models.csproj", "{48F5C1C8-503A-4E09-B2C3-EC415AA849D4}"
EndProject
Project("{9A19103F-16F7-4668-BE54-9A1E7A4F7556}") = "JaxWorld.Services", "JaxWorld.Services\JaxWorld.Services.csproj", "{7CA38282-E48F-47AF-92F8-45C4DCEFCC1D}"
EndProject
Project("{FAE04EC0-301F-11D3-BF4B-00C04F79EFBC}") = "JaxWorld.Web", "JaxWorld.Web\JaxWorld.Web.csproj", "{43CF64D1-32AA-44E8-A7E0-0CBB02C6C32C}"
EndProject
Global
	GlobalSection(SolutionConfigurationPlatforms) = preSolution
		Debug|Any CPU = Debug|Any CPU
		Release|Any CPU = Release|Any CPU
	EndGlobalSection
	GlobalSection(ProjectConfigurationPlatforms) = postSolution
		{2CCADA7C-DDD0-45C2-A150-E41B078FE5DF}.Debug|Any CPU.ActiveCfg = Debug|Any CPU
		{2CCADA7C-DDD0-45C2-A150-E41B078FE5DF}.Debug|Any CPU.Build.0 = Debug|Any CPU
		{2CCADA7C-DDD0-45C2-A150-E41B078FE5DF}.Release|Any CPU.ActiveCfg = Release|Any CPU
		{2CCADA7C-DDD0-45C2-A150-E41B078FE5DF}.Release|Any CPU.Build.0 = Release|Any CPU
		{48F5C1C8-503A-4E09-B2C3-EC415AA849D4}.Debug|Any CPU.ActiveCfg = Debug|Any CPU
		{48F5C1C8-503A-4E09-B2C3-EC415AA849D4}.Debug|Any CPU.Build.0 = Debug|Any CPU
		{48F5C1C8-503A-4E09-B2C3-EC415AA849D4}.Release|Any CPU.ActiveCfg = Release|Any CPU
		{48F5C1C8-503A-4E09-B2C3-EC415AA849D4}.Release|Any CPU.Build.0 = Release|Any CPU
		{7CA38282-E48F-47AF-92F8-45C4DCEFCC1D}.Debug|Any CPU.ActiveCfg = Debug|Any CPU
		{7CA38282-E48F-47AF-92F8-45C4DCEFCC1D}.Debug|Any CPU.Build.0 = Debug|Any CPU
		{7CA38282-E48F-47AF-92F8-45C4DCEFCC1D}.Release|Any CPU.ActiveCfg = Release|Any CPU
		{7CA38282-E48F-47AF-92F8-45C4DCEFCC1D}.Release|Any CPU.Build.0 = Release|Any CPU
		{43CF64D1-32AA-44E8-A7E0-0CBB02C6C32C}.Debug|Any CPU.ActiveCfg = Debug|Any CPU
		{43CF64D1-32AA-44E8-A7E0-0CBB02C6C32C}.Debug|Any CPU.Build.0 = Debug|Any CPU
		{43CF64D1-32AA-44E8-A7E0-0CBB02C6C32C}.Release|Any CPU.ActiveCfg = Release|Any CPU
		{43CF64D1-32AA-44E8-A7E0-0CBB02C6C32C}.Release|Any CPU.Build.0 = Release|Any CPU
	EndGlobalSection
	GlobalSection(SolutionProperties) = preSolution
		HideSolutionNode = FALSE
	EndGlobalSection
	GlobalSection(ExtensibilityGlobals) = postSolution
		SolutionGuid = {A1E9E65B-28C0-4FC8-BEBD-EB2F1DC8FE5A}
	EndGlobalSection
EndGlobal
